
Microsoft Visual Studio Solution File, Format Version 12.00
# Visual Studio Version 17
VisualStudioVersion = 17.0.32112.339
MinimumVisualStudioVersion = 10.0.40219.1
Project("{FAE04EC0-301F-11D3-BF4B-00C04F79EFBC}") = "Deal.Vendas.Api", "Deal.Vendas.Api\Deal.Vendas.Api.csproj", "{E8CFD396-707C-4A6F-B323-1D239618EED3}"
EndProject
Global
	GlobalSection(SolutionConfigurationPlatforms) = preSolution
		Debug|Any CPU = Debug|Any CPU
		Release|Any CPU = Release|Any CPU
	EndGlobalSection
	GlobalSection(ProjectConfigurationPlatforms) = postSolution
		{E8CFD396-707C-4A6F-B323-1D239618EED3}.Debug|Any CPU.ActiveCfg = Debug|Any CPU
		{E8CFD396-707C-4A6F-B323-1D239618EED3}.Debug|Any CPU.Build.0 = Debug|Any CPU
		{E8CFD396-707C-4A6F-B323-1D239618EED3}.Release|Any CPU.ActiveCfg = Release|Any CPU
		{E8CFD396-707C-4A6F-B323-1D239618EED3}.Release|Any CPU.Build.0 = Release|Any CPU
	EndGlobalSection
	GlobalSection(SolutionProperties) = preSolution
		HideSolutionNode = FALSE
	EndGlobalSection
	GlobalSection(ExtensibilityGlobals) = postSolution
		SolutionGuid = {8E4A863D-EEC0-49A3-B54A-CD05B4126246}
	EndGlobalSection
EndGlobal
